
Microsoft Visual Studio Solution File, Format Version 12.00
Project("{FAE04EC0-301F-11D3-BF4B-00C04F79EFBC}") = "CCIVTests", "CCIVTests\CCIVTests.csproj", "{22374B70-BE12-412B-8CE0-C4C4369F57EC}"
EndProject
Project("{FAE04EC0-301F-11D3-BF4B-00C04F79EFBC}") = "CCIV", "CCIV\CCIV.csproj", "{AC60E5FC-08CA-4D78-A8CA-C9BF1144508C}"
EndProject
Global
	GlobalSection(SolutionConfigurationPlatforms) = preSolution
		Debug|Any CPU = Debug|Any CPU
		Release|Any CPU = Release|Any CPU
	EndGlobalSection
	GlobalSection(ProjectConfigurationPlatforms) = postSolution
		{22374B70-BE12-412B-8CE0-C4C4369F57EC}.Debug|Any CPU.ActiveCfg = Debug|Any CPU
		{22374B70-BE12-412B-8CE0-C4C4369F57EC}.Debug|Any CPU.Build.0 = Debug|Any CPU
		{22374B70-BE12-412B-8CE0-C4C4369F57EC}.Release|Any CPU.ActiveCfg = Release|Any CPU
		{22374B70-BE12-412B-8CE0-C4C4369F57EC}.Release|Any CPU.Build.0 = Release|Any CPU
		{AC60E5FC-08CA-4D78-A8CA-C9BF1144508C}.Debug|Any CPU.ActiveCfg = Debug|Any CPU
		{AC60E5FC-08CA-4D78-A8CA-C9BF1144508C}.Debug|Any CPU.Build.0 = Debug|Any CPU
		{AC60E5FC-08CA-4D78-A8CA-C9BF1144508C}.Release|Any CPU.ActiveCfg = Release|Any CPU
		{AC60E5FC-08CA-4D78-A8CA-C9BF1144508C}.Release|Any CPU.Build.0 = Release|Any CPU
	EndGlobalSection
EndGlobal
